
Microsoft Visual Studio Solution File, Format Version 12.00
# Visual Studio Version 17
VisualStudioVersion = 17.9.34607.119
MinimumVisualStudioVersion = 10.0.40219.1
Project("{FAE04EC0-301F-11D3-BF4B-00C04F79EFBC}") = "FactoryPattern", "FactoryPattern.csproj", "{93184699-D3E8-49AA-B71B-E7EC3395D661}"
EndProject
Global
	GlobalSection(SolutionConfigurationPlatforms) = preSolution
		Debug|Any CPU = Debug|Any CPU
		Release|Any CPU = Release|Any CPU
	EndGlobalSection
	GlobalSection(ProjectConfigurationPlatforms) = postSolution
		{93184699-D3E8-49AA-B71B-E7EC3395D661}.Debug|Any CPU.ActiveCfg = Debug|Any CPU
		{93184699-D3E8-49AA-B71B-E7EC3395D661}.Debug|Any CPU.Build.0 = Debug|Any CPU
		{93184699-D3E8-49AA-B71B-E7EC3395D661}.Release|Any CPU.ActiveCfg = Release|Any CPU
		{93184699-D3E8-49AA-B71B-E7EC3395D661}.Release|Any CPU.Build.0 = Release|Any CPU
	EndGlobalSection
	GlobalSection(SolutionProperties) = preSolution
		HideSolutionNode = FALSE
	EndGlobalSection
	GlobalSection(ExtensibilityGlobals) = postSolution
		SolutionGuid = {6E06DABD-6118-414E-BE07-0C5CF448C51F}
	EndGlobalSection
EndGlobal
